NUGET
  remote: https://api.nuget.org/v3/index.json
    Microsoft.Bcl.AsyncInterfaces (8.0.0)
    Microsoft.Extensions.DependencyInjection.Abstractions (8.0.1)
    Microsoft.Extensions.Logging (8.0.1)
      Microsoft.Extensions.DependencyInjection.Abstractions (>= 8.0.0)
      Microsoft.Extensions.Logging.Abstractions (>= 8.0.0)
      Microsoft.Extensions.Options (>= 8.0.0)
    Microsoft.Extensions.Logging.Abstractions (8.0.1)
      Microsoft.Extensions.DependencyInjection.Abstractions (>= 8.0.0)
    Microsoft.Extensions.Options (8.0.0)
      Microsoft.Extensions.DependencyInjection.Abstractions (>= 8.0.0)
      Microsoft.Extensions.Primitives (>= 8.0.0)
    Microsoft.Extensions.Primitives (8.0.0)
    Newtonsoft.Json (13.0.3)
    Serilog (3.1.1)
